github.com/aws/aws-sdk-go v1.19.28 h1:u0KMC+Qv0YVyz8YR6mREEtslSPkdUMzXgDJFD5196O8=
github.com/aws/aws-sdk-go v1.19.28/go.mod h1:KmX6BPdI08NWTb3/sm4ZGu5ShLoqVDhKgpiN924inxo=
github.com/aws/aws-sdk-go v1.25.31 h1:14mdh3HsTgRekePPkYcCbAaEXJknc3mN7f4XfsiMMDA=
github.com/aws/aws-sdk-go v1.25.31/go.mod h1:KmX6BPdI08NWTb3/sm4ZGu5ShLoqVDhKgpiN924inxo=
github.com/go-playground/assert v1.2.1/go.mod h1:Lgy+k19nOB/wQG/fVSQ7rra5qYugmytMQqvQ2dgjWn8=
github.com/go-playground/assert/v2 v2.0.1/go.mod h1:VDjEfimB/XKnb+ZQfWdccd7VUvScMdVu0Titje2rxJ4=
github.com/go-playground/form/v4 v4.0.0/go.mod h1:bodWfd97U9PVMZFcDsbVzSbQQTtaWrebnTwQtWjSW1M=
github.com/go-playground/pkg/v4 v4.0.0 h1:0lTr9H8RyCwom4TcfNhMCNvlTlFuin7uUlXcZQuxrA4=
github.com/go-playground/pkg/v4 v4.0.0/go.mod h1:TLowM3d3a/m04JlHK/zM6Ia8zf8+0C/9pTwhDEUqKO0=
github.com/jmespath/go-jmespath v0.0.0-20180206201540-c2b33e8439af/go.mod h1:Nht3zPeWKUH0NzdCt2Blrr5ys8VGpn0CEB0cQHVjt7k=
